
Microsoft Visual Studio Solution File, Format Version 12.00
# Visual Studio Version 17
VisualStudioVersion = 17.7.34024.191
MinimumVisualStudioVersion = 10.0.40219.1
Project("{FAE04EC0-301F-11D3-BF4B-00C04F79EFBC}") = "WA_IdentityApplicationSample_080124", "WA_IdentityApplicationSample_080124\WA_IdentityApplicationSample_080124.csproj", "{64DDF30E-D773-486C-BC71-68FD219B1B7D}"
EndProject
Global
	GlobalSection(SolutionConfigurationPlatforms) = preSolution
		Debug|Any CPU = Debug|Any CPU
		Release|Any CPU = Release|Any CPU
	EndGlobalSection
	GlobalSection(ProjectConfigurationPlatforms) = postSolution
		{64DDF30E-D773-486C-BC71-68FD219B1B7D}.Debug|Any CPU.ActiveCfg = Debug|Any CPU
		{64DDF30E-D773-486C-BC71-68FD219B1B7D}.Debug|Any CPU.Build.0 = Debug|Any CPU
		{64DDF30E-D773-486C-BC71-68FD219B1B7D}.Release|Any CPU.ActiveCfg = Release|Any CPU
		{64DDF30E-D773-486C-BC71-68FD219B1B7D}.Release|Any CPU.Build.0 = Release|Any CPU
	EndGlobalSection
	GlobalSection(SolutionProperties) = preSolution
		HideSolutionNode = FALSE
	EndGlobalSection
	GlobalSection(ExtensibilityGlobals) = postSolution
		SolutionGuid = {EDF19783-2FB0-4C9E-9D7A-2699D326392F}
	EndGlobalSection
EndGlobal
